
Microsoft Visual Studio Solution File, Format Version 12.00
# Visual Studio Version 17
VisualStudioVersion = 17.3.32929.385
MinimumVisualStudioVersion = 10.0.40219.1
Project("{FAE04EC0-301F-11D3-BF4B-00C04F79EFBC}") = "Battery Monitor", "Battery Monitor.csproj", "{F3439C8D-3E91-4EF1-9E5A-D643606C12CA}"
EndProject
Global
	GlobalSection(SolutionConfigurationPlatforms) = preSolution
		Debug|Any CPU = Debug|Any CPU
		Release|Any CPU = Release|Any CPU
	EndGlobalSection
	GlobalSection(ProjectConfigurationPlatforms) = postSolution
		{F3439C8D-3E91-4EF1-9E5A-D643606C12CA}.Debug|Any CPU.ActiveCfg = Debug|Any CPU
		{F3439C8D-3E91-4EF1-9E5A-D643606C12CA}.Debug|Any CPU.Build.0 = Debug|Any CPU
		{F3439C8D-3E91-4EF1-9E5A-D643606C12CA}.Release|Any CPU.ActiveCfg = Release|Any CPU
		{F3439C8D-3E91-4EF1-9E5A-D643606C12CA}.Release|Any CPU.Build.0 = Release|Any CPU
	EndGlobalSection
	GlobalSection(SolutionProperties) = preSolution
		HideSolutionNode = FALSE
	EndGlobalSection
	GlobalSection(ExtensibilityGlobals) = postSolution
		SolutionGuid = {3D275A82-5405-45EB-B7A9-0E5C30DFFD9B}
	EndGlobalSection
EndGlobal
